
Microsoft Visual Studio Solution File, Format Version 12.00
# Visual Studio Version 16
VisualStudioVersion = 16.0.31019.35
MinimumVisualStudioVersion = 10.0.40219.1
Project("{888888A0-9F3D-457C-B088-3A5042F75D52}") = "FlaskWebProject1", "FlaskWebProject1\FlaskWebProject1.pyproj", "{CF8EDC28-6B27-460E-A2F3-879B7DB47F8E}"
EndProject
Global
	GlobalSection(SolutionConfigurationPlatforms) = preSolution
		Debug|Any CPU = Debug|Any CPU
		Release|Any CPU = Release|Any CPU
	EndGlobalSection
	GlobalSection(ProjectConfigurationPlatforms) = postSolution
		{CF8EDC28-6B27-460E-A2F3-879B7DB47F8E}.Debug|Any CPU.ActiveCfg = Debug|Any CPU
		{CF8EDC28-6B27-460E-A2F3-879B7DB47F8E}.Debug|Any CPU.Build.0 = Debug|Any CPU
		{CF8EDC28-6B27-460E-A2F3-879B7DB47F8E}.Release|Any CPU.ActiveCfg = Release|Any CPU
		{CF8EDC28-6B27-460E-A2F3-879B7DB47F8E}.Release|Any CPU.Build.0 = Release|Any CPU
	EndGlobalSection
	GlobalSection(SolutionProperties) = preSolution
		HideSolutionNode = FALSE
	EndGlobalSection
	GlobalSection(ExtensibilityGlobals) = postSolution
		SolutionGuid = {C19B2B46-8AA4-41D3-9026-87ED16C7A07C}
	EndGlobalSection
EndGlobal
